
Microsoft Visual Studio Solution File, Format Version 12.00
# Visual Studio Version 17
VisualStudioVersion = 17.10.34928.147
MinimumVisualStudioVersion = 10.0.40219.1
Project("{FAE04EC0-301F-11D3-BF4B-00C04F79EFBC}") = "MVC-02", "MVC-02.csproj", "{0837F95D-EA7E-40E8-B6C8-5A149A4E4B2B}"
EndProject
Global
	GlobalSection(SolutionConfigurationPlatforms) = preSolution
		Debug|Any CPU = Debug|Any CPU
		Release|Any CPU = Release|Any CPU
	EndGlobalSection
	GlobalSection(ProjectConfigurationPlatforms) = postSolution
		{0837F95D-EA7E-40E8-B6C8-5A149A4E4B2B}.Debug|Any CPU.ActiveCfg = Debug|Any CPU
		{0837F95D-EA7E-40E8-B6C8-5A149A4E4B2B}.Debug|Any CPU.Build.0 = Debug|Any CPU
		{0837F95D-EA7E-40E8-B6C8-5A149A4E4B2B}.Release|Any CPU.ActiveCfg = Release|Any CPU
		{0837F95D-EA7E-40E8-B6C8-5A149A4E4B2B}.Release|Any CPU.Build.0 = Release|Any CPU
	EndGlobalSection
	GlobalSection(SolutionProperties) = preSolution
		HideSolutionNode = FALSE
	EndGlobalSection
	GlobalSection(ExtensibilityGlobals) = postSolution
		SolutionGuid = {24F9FE55-E7CB-40E0-AFF1-9AA3BEDBC23A}
	EndGlobalSection
EndGlobal
